<Solution>
  <Folder Name="/src/">
    <Project Path="src/DimonSmart.ExtremaSpectrum/DimonSmart.ExtremaSpectrum.csproj" />
    <Project Path="src/DimonSmart.ExtremaSpectrum.Demo/DimonSmart.ExtremaSpectrum.Demo.csproj" />
  </Folder>
  <Folder Name="/tests/">
    <Project Path="tests/DimonSmart.ExtremaSpectrum.Tests/DimonSmart.ExtremaSpectrum.Tests.csproj" />
  </Folder>
</Solution>
